
Microsoft Visual Studio Solution File, Format Version 12.00
# Visual Studio Version 17
VisualStudioVersion = 17.9.34728.123
MinimumVisualStudioVersion = 10.0.40219.1
Project("{FAE04EC0-301F-11D3-BF4B-00C04F79EFBC}") = "Maior ou Menor de Idade", "Maior ou Menor de Idade\Maior ou Menor de Idade.csproj", "{7D6026FC-8616-4DE5-842E-BC07F4A69B49}"
EndProject
Global
	GlobalSection(SolutionConfigurationPlatforms) = preSolution
		Debug|Any CPU = Debug|Any CPU
		Release|Any CPU = Release|Any CPU
	EndGlobalSection
	GlobalSection(ProjectConfigurationPlatforms) = postSolution
		{7D6026FC-8616-4DE5-842E-BC07F4A69B49}.Debug|Any CPU.ActiveCfg = Debug|Any CPU
		{7D6026FC-8616-4DE5-842E-BC07F4A69B49}.Debug|Any CPU.Build.0 = Debug|Any CPU
		{7D6026FC-8616-4DE5-842E-BC07F4A69B49}.Release|Any CPU.ActiveCfg = Release|Any CPU
		{7D6026FC-8616-4DE5-842E-BC07F4A69B49}.Release|Any CPU.Build.0 = Release|Any CPU
	EndGlobalSection
	GlobalSection(SolutionProperties) = preSolution
		HideSolutionNode = FALSE
	EndGlobalSection
	GlobalSection(ExtensibilityGlobals) = postSolution
		SolutionGuid = {023A3239-4623-4F73-B979-E2110A81EBDC}
	EndGlobalSection
EndGlobal
